// !$*UTF8*$!
{
	archiveVersion = 1;
	classes = {
	};
	objectVersion = 77;
	objects = {

/* Begin PBXBuildFile section */
		0165CD94A6DBDC49F2AFB479 /* Pods_SosMienTrung.framework in Frameworks */ = {isa = PBXBuildFile; fileRef = 2D2774B2A7B9E28145D8CC0A /* Pods_SosMienTrung.framework */; };
/* End PBXBuildFile section */

/* Begin PBXContainerItemProxy section */
		3BE85A5B2EE35F20007BF228 /* PBXContainerItemProxy */ = {
			isa = PBXContainerItemProxy;
			containerPortal = 3BE85A3E2EE35F1F007BF228 /* Project object */;
			proxyType = 1;
			remoteGlobalIDString = 3BE85A452EE35F1F007BF228;
			remoteInfo = SosMienTrung;
		};
		3BE85A652EE35F20007BF228 /* PBXContainerItemProxy */ = {
			isa = PBXContainerItemProxy;
			containerPortal = 3BE85A3E2EE35F1F007BF228 /* Project object */;
			proxyType = 1;
			remoteGlobalIDString = 3BE85A452EE35F1F007BF228;
			remoteInfo = SosMienTrung;
		};
/* End PBXContainerItemProxy section */

/* Begin PBXFileReference section */
		2D2774B2A7B9E28145D8CC0A /* Pods_SosMienTrung.framework */ = {isa = PBXFileReference; explicitFileType = wrapper.framework; includeInIndex = 0; path = Pods_SosMienTrung.framework; sourceTree = BUILT_PRODUCTS_DIR; };
		3BE85A462EE35F1F007BF228 /* SosMienTrung.app */ = {isa = PBXFileReference; explicitFileType = wrapper.application; includeInIndex = 0; path = SosMienTrung.app; sourceTree = BUILT_PRODUCTS_DIR; };
		3BE85A5A2EE35F20007BF228 /* SosMienTrungTests.xctest */ = {isa = PBXFileReference; explicitFileType = wrapper.cfbundle; includeInIndex = 0; path = SosMienTrungTests.xctest; sourceTree = BUILT_PRODUCTS_DIR; };
		3BE85A642EE35F20007BF228 /* SosMienTrungUITests.xctest */ = {isa = PBXFileReference; explicitFileType = wrapper.cfbundle; includeInIndex = 0; path = SosMienTrungUITests.xctest; sourceTree = BUILT_PRODUCTS_DIR; };
		BB54F4536388C04F605BB3D0 /* Pods-SosMienTrung.debug.xcconfig */ = {isa = PBXFileReference; includeInIndex = 1; lastKnownFileType = text.xcconfig; name = "Pods-SosMienTrung.debug.xcconfig"; path = "Target Support Files/Pods-SosMienTrung/Pods-SosMienTrung.debug.xcconfig"; sourceTree = "<group>"; };
		E43EB8A1D3166D8B71658CE2 /* Pods-SosMienTrung.release.xcconfig */ = {isa = PBXFileReference; includeInIndex = 1; lastKnownFileType = text.xcconfig; name = "Pods-SosMienTrung.release.xcconfig"; path = "Target Support Files/Pods-SosMienTrung/Pods-SosMienTrung.release.xcconfig"; sourceTree = "<group>"; };
/* End PBXFileReference section */

/* Begin PBXFileSystemSynchronizedBuildFileExceptionSet section */
		3BE85A6C2EE35F20007BF228 /* Exceptions for "SosMienTrung" folder in "SosMienTrung" target */ = {
			isa = PBXFileSystemSynchronizedBuildFileExceptionSet;
			membershipExceptions = (
				Info.plist,
			);
			target = 3BE85A452EE35F1F007BF228 /* SosMienTrung */;
		};
/* End PBXFileSystemSynchronizedBuildFileExceptionSet section */

/* Begin PBXFileSystemSynchronizedRootGroup section */
		3BE85A482EE35F1F007BF228 /* SosMienTrung */ = {
			isa = PBXFileSystemSynchronizedRootGroup;
			exceptions = (
				3BE85A6C2EE35F20007BF228 /* Exceptions for "SosMienTrung" folder in "SosMienTrung" target */,
			);
			path = SosMienTrung;
			sourceTree = "<group>";
		};
		3BE85A5D2EE35F20007BF228 /* SosMienTrungTests */ = {
			isa = PBXFileSystemSynchronizedRootGroup;
			path = SosMienTrungTests;
			sourceTree = "<group>";
		};
		3BE85A672EE35F20007BF228 /* SosMienTrungUITests */ = {
			isa = PBXFileSystemSynchronizedRootGroup;
			path = SosMienTrungUITests;
			sourceTree = "<group>";
		};
/* End PBXFileSystemSynchronizedRootGroup section */

/* Begin PBXFrameworksBuildPhase section */
		3BE85A432EE35F1F007BF228 /* Frameworks */ = {
			isa = PBXFrameworksBuildPhase;
			buildActionMask = 2147483647;
			files = (
				0165CD94A6DBDC49F2AFB479 /* Pods_SosMienTrung.framework in Frameworks */,
			);
			runOnlyForDeploymentPostprocessing = 0;
		};
		3BE85A572EE35F20007BF228 /* Frameworks */ = {
			isa = PBXFrameworksBuildPhase;
			buildActionMask = 2147483647;
			files = (
			);
			runOnlyForDeploymentPostprocessing = 0;
		};
		3BE85A612EE35F20007BF228 /* Frameworks */ = {
			isa = PBXFrameworksBuildPhase;
			buildActionMask = 2147483647;
			files = (
			);
			runOnlyForDeploymentPostprocessing = 0;
		};
/* End PBXFrameworksBuildPhase section */

/* Begin PBXGroup section */
		3BE85A3D2EE35F1F007BF228 = {
			isa = PBXGroup;
			children = (
				3BE85A482EE35F1F007BF228 /* SosMienTrung */,
				3BE85A5D2EE35F20007BF228 /* SosMienTrungTests */,
				3BE85A672EE35F20007BF228 /* SosMienTrungUITests */,
				3BE85A472EE35F1F007BF228 /* Products */,
				9735B6338A991EC7ADED18F2 /* Pods */,
				52D687DC4020F967F913A11A /* Frameworks */,
			);
			sourceTree = "<group>";
		};
		3BE85A472EE35F1F007BF228 /* Products */ = {
			isa = PBXGroup;
			children = (
				3BE85A462EE35F1F007BF228 /* SosMienTrung.app */,
				3BE85A5A2EE35F20007BF228 /* SosMienTrungTests.xctest */,
				3BE85A642EE35F20007BF228 /* SosMienTrungUITests.xctest */,
			);
			name = Products;
			sourceTree = "<group>";
		};
		52D687DC4020F967F913A11A /* Frameworks */ = {
			isa = PBXGroup;
			children = (
				2D2774B2A7B9E28145D8CC0A /* Pods_SosMienTrung.framework */,
			);
			name = Frameworks;
			sourceTree = "<group>";
		};
		9735B6338A991EC7ADED18F2 /* Pods */ = {
			isa = PBXGroup;
			children = (
				BB54F4536388C04F605BB3D0 /* Pods-SosMienTrung.debug.xcconfig */,
				E43EB8A1D3166D8B71658CE2 /* Pods-SosMienTrung.release.xcconfig */,
			);
			path = Pods;
			sourceTree = "<group>";
		};
/* End PBXGroup section */

/* Begin PBXNativeTarget section */
		3BE85A452EE35F1F007BF228 /* SosMienTrung */ = {
			isa = PBXNativeTarget;
			buildConfigurationList = 3BE85A6D2EE35F20007BF228 /* Build configuration list for PBXNativeTarget "SosMienTrung" */;
			buildPhases = (
				E053DB399317FF361FB84A3A /* [CP] Check Pods Manifest.lock */,
				3BE85A422EE35F1F007BF228 /* Sources */,
				3BE85A432EE35F1F007BF228 /* Frameworks */,
				3BE85A442EE35F1F007BF228 /* Resources */,
				73787C291394CB8C5BEFF247 /* [CP] Embed Pods Frameworks */,
			);
			buildRules = (
			);
			dependencies = (
			);
			fileSystemSynchronizedGroups = (
				3BE85A482EE35F1F007BF228 /* SosMienTrung */,
			);
			name = SosMienTrung;
			productName = SosMienTrung;
			productReference = 3BE85A462EE35F1F007BF228 /* SosMienTrung.app */;
			productType = "com.apple.product-type.application";
		};
		3BE85A592EE35F20007BF228 /* SosMienTrungTests */ = {
			isa = PBXNativeTarget;
			buildConfigurationList = 3BE85A722EE35F20007BF228 /* Build configuration list for PBXNativeTarget "SosMienTrungTests" */;
			buildPhases = (
				3BE85A562EE35F20007BF228 /* Sources */,
				3BE85A572EE35F20007BF228 /* Frameworks */,
				3BE85A582EE35F20007BF228 /* Resources */,
			);
			buildRules = (
			);
			dependencies = (
				3BE85A5C2EE35F20007BF228 /* PBXTargetDependency */,
			);
			fileSystemSynchronizedGroups = (
				3BE85A5D2EE35F20007BF228 /* SosMienTrungTests */,
			);
			name = SosMienTrungTests;
			productName = SosMienTrungTests;
			productReference = 3BE85A5A2EE35F20007BF228 /* SosMienTrungTests.xctest */;
			productType = "com.apple.product-type.bundle.unit-test";
		};
		3BE85A632EE35F20007BF228 /* SosMienTrungUITests */ = {
			isa = PBXNativeTarget;
			buildConfigurationList = 3BE85A752EE35F20007BF228 /* Build configuration list for PBXNativeTarget "SosMienTrungUITests" */;
			buildPhases = (
				3BE85A602EE35F20007BF228 /* Sources */,
				3BE85A612EE35F20007BF228 /* Frameworks */,
				3BE85A622EE35F20007BF228 /* Resources */,
			);
			buildRules = (
			);
			dependencies = (
				3BE85A662EE35F20007BF228 /* PBXTargetDependency */,
			);
			fileSystemSynchronizedGroups = (
				3BE85A672EE35F20007BF228 /* SosMienTrungUITests */,
			);
			name = SosMienTrungUITests;
			productName = SosMienTrungUITests;
			productReference = 3BE85A642EE35F20007BF228 /* SosMienTrungUITests.xctest */;
			productType = "com.apple.product-type.bundle.ui-testing";
		};
/* End PBXNativeTarget section */

/* Begin PBXProject section */
		3BE85A3E2EE35F1F007BF228 /* Project object */ = {
			isa = PBXProject;
			attributes = {
				BuildIndependentTargetsInParallel = 1;
				LastSwiftUpdateCheck = 2610;
				LastUpgradeCheck = 2610;
				TargetAttributes = {
					3BE85A452EE35F1F007BF228 = {
						CreatedOnToolsVersion = 26.1.1;
					};
					3BE85A592EE35F20007BF228 = {
						CreatedOnToolsVersion = 26.1.1;
						TestTargetID = 3BE85A452EE35F1F007BF228;
					};
					3BE85A632EE35F20007BF228 = {
						CreatedOnToolsVersion = 26.1.1;
						TestTargetID = 3BE85A452EE35F1F007BF228;
					};
				};
			};
			buildConfigurationList = 3BE85A412EE35F1F007BF228 /* Build configuration list for PBXProject "SosMienTrung" */;
			developmentRegion = en;
			hasScannedForEncodings = 0;
			knownRegions = (
				en,
				Base,
			);
			mainGroup = 3BE85A3D2EE35F1F007BF228;
			minimizedProjectReferenceProxies = 1;
			preferredProjectObjectVersion = 77;
			productRefGroup = 3BE85A472EE35F1F007BF228 /* Products */;
			projectDirPath = "";
			projectRoot = "";
			targets = (
				3BE85A452EE35F1F007BF228 /* SosMienTrung */,
				3BE85A592EE35F20007BF228 /* SosMienTrungTests */,
				3BE85A632EE35F20007BF228 /* SosMienTrungUITests */,
			);
		};
/* End PBXProject section */

/* Begin PBXResourcesBuildPhase section */
		3BE85A442EE35F1F007BF228 /* Resources */ = {
			isa = PBXResourcesBuildPhase;
			buildActionMask = 2147483647;
			files = (
			);
			runOnlyForDeploymentPostprocessing = 0;
		};
		3BE85A582EE35F20007BF228 /* Resources */ = {
			isa = PBXResourcesBuildPhase;
			buildActionMask = 2147483647;
			files = (
			);
			runOnlyForDeploymentPostprocessing = 0;
		};
		3BE85A622EE35F20007BF228 /* Resources */ = {
			isa = PBXResourcesBuildPhase;
			buildActionMask = 2147483647;
			files = (
			);
			runOnlyForDeploymentPostprocessing = 0;
		};
/* End PBXResourcesBuildPhase section */

/* Begin PBXShellScriptBuildPhase section */
		73787C291394CB8C5BEFF247 /* [CP] Embed Pods Frameworks */ = {
			isa = PBXShellScriptBuildPhase;
			buildActionMask = 2147483647;
			files = (
			);
			inputFileListPaths = (
				"${PODS_ROOT}/Target Support Files/Pods-SosMienTrung/Pods-SosMienTrung-frameworks-${CONFIGURATION}-input-files.xcfilelist",
			);
			inputPaths = (
			);
			name = "[CP] Embed Pods Frameworks";
			outputFileListPaths = (
				"${PODS_ROOT}/Target Support Files/Pods-SosMienTrung/Pods-SosMienTrung-frameworks-${CONFIGURATION}-output-files.xcfilelist",
			);
			outputPaths = (
			);
			runOnlyForDeploymentPostprocessing = 0;
			shellPath = /bin/sh;
			shellScript = "\"${PODS_ROOT}/Target Support Files/Pods-SosMienTrung/Pods-SosMienTrung-frameworks.sh\"\n";
			showEnvVarsInLog = 0;
		};
		E053DB399317FF361FB84A3A /* [CP] Check Pods Manifest.lock */ = {
			isa = PBXShellScriptBuildPhase;
			buildActionMask = 2147483647;
			files = (
			);
			inputFileListPaths = (
			);
			inputPaths = (
				"${PODS_PODFILE_DIR_PATH}/Podfile.lock",
				"${PODS_ROOT}/Manifest.lock",
			);
			name = "[CP] Check Pods Manifest.lock";
			outputFileListPaths = (
			);
			outputPaths = (
				"$(DERIVED_FILE_DIR)/Pods-SosMienTrung-checkManifestLockResult.txt",
			);
			runOnlyForDeploymentPostprocessing = 0;
			shellPath = /bin/sh;
			shellScript = "diff \"${PODS_PODFILE_DIR_PATH}/Podfile.lock\" \"${PODS_ROOT}/Manifest.lock\" > /dev/null\nif [ $? != 0 ] ; then\n    # print error to STDERR\n    echo \"error: The sandbox is not in sync with the Podfile.lock. Run 'pod install' or update your CocoaPods installation.\" >&2\n    exit 1\nfi\n# This output is used by Xcode 'outputs' to avoid re-running this script phase.\necho \"SUCCESS\" > \"${SCRIPT_OUTPUT_FILE_0}\"\n";
			showEnvVarsInLog = 0;
		};
/* End PBXShellScriptBuildPhase section */

/* Begin PBXSourcesBuildPhase section */
		3BE85A422EE35F1F007BF228 /* Sources */ = {
			isa = PBXSourcesBuildPhase;
			buildActionMask = 2147483647;
			files = (
			);
			runOnlyForDeploymentPostprocessing = 0;
		};
		3BE85A562EE35F20007BF228 /* Sources */ = {
			isa = PBXSourcesBuildPhase;
			buildActionMask = 2147483647;
			files = (
			);
			runOnlyForDeploymentPostprocessing = 0;
		};
		3BE85A602EE35F20007BF228 /* Sources */ = {
			isa = PBXSourcesBuildPhase;
			buildActionMask = 2147483647;
			files = (
			);
			runOnlyForDeploymentPostprocessing = 0;
		};
/* End PBXSourcesBuildPhase section */

/* Begin PBXTargetDependency section */
		3BE85A5C2EE35F20007BF228 /* PBXTargetDependency */ = {
			isa = PBXTargetDependency;
			target = 3BE85A452EE35F1F007BF228 /* SosMienTrung */;
			targetProxy = 3BE85A5B2EE35F20007BF228 /* PBXContainerItemProxy */;
		};
		3BE85A662EE35F20007BF228 /* PBXTargetDependency */ = {
			isa = PBXTargetDependency;
			target = 3BE85A452EE35F1F007BF228 /* SosMienTrung */;
			targetProxy = 3BE85A652EE35F20007BF228 /* PBXContainerItemProxy */;
		};
/* End PBXTargetDependency section */

/* Begin XCBuildConfiguration section */
		3BE85A6E2EE35F20007BF228 /* Debug */ = {
			isa = XCBuildConfiguration;
			baseConfigurationReference = BB54F4536388C04F605BB3D0 /* Pods-SosMienTrung.debug.xcconfig */;
			buildSettings = {
				ASSETCATALOG_COMPILER_APPICON_NAME = AppIcon;
				ASSETCATALOG_COMPILER_GLOBAL_ACCENT_COLOR_NAME = AccentColor;
				CODE_SIGN_ENTITLEMENTS = SosMienTrung/SosMienTrung.entitlements;
				CODE_SIGN_STYLE = Automatic;
				CURRENT_PROJECT_VERSION = 7;
				DEVELOPMENT_TEAM = YC47RP25CW;
				ENABLE_PREVIEWS = YES;
				ENABLE_USER_SCRIPT_SANDBOXING = NO;
				GENERATE_INFOPLIST_FILE = YES;
				INFOPLIST_FILE = SosMienTrung/Info.plist;
				INFOPLIST_KEY_UIApplicationSceneManifest_Generation = YES;
				INFOPLIST_KEY_UIApplicationSupportsIndirectInputEvents = YES;
				INFOPLIST_KEY_UILaunchScreen_Generation = YES;
				INFOPLIST_KEY_UISupportedInterfaceOrientations_iPad = "UIInterfaceOrientationPortrait UIInterfaceOrientationPortraitUpsideDown UIInterfaceOrientationLandscapeLeft UIInterfaceOrientationLandscapeRight";
				INFOPLIST_KEY_UISupportedInterfaceOrientations_iPhone = "UIInterfaceOrientationPortrait UIInterfaceOrientationLandscapeLeft UIInterfaceOrientationLandscapeRight";
				LD_RUNPATH_SEARCH_PATHS = (
					"$(inherited)",
					"@executable_path/Frameworks",
				);
				MARKETING_VERSION = 1.1;
				PRODUCT_BUNDLE_IDENTIFIER = com.huynhkimcuong.SosMienTrung;
				PRODUCT_NAME = "$(TARGET_NAME)";
				STRING_CATALOG_GENERATE_SYMBOLS = YES;
				SWIFT_APPROACHABLE_CONCURRENCY = YES;
				SWIFT_DEFAULT_ACTOR_ISOLATION = MainActor;
				SWIFT_EMIT_LOC_STRINGS = YES;
				SWIFT_UPCOMING_FEATURE_MEMBER_IMPORT_VISIBILITY = YES;
				SWIFT_VERSION = 5.0;
				TARGETED_DEVICE_FAMILY = "1,2";
			};
			name = Debug;
		};
		3BE85A6F2EE35F20007BF228 /* Release */ = {
			isa = XCBuildConfiguration;
			baseConfigurationReference = E43EB8A1D3166D8B71658CE2 /* Pods-SosMienTrung.release.xcconfig */;
			buildSettings = {
				ASSETCATALOG_COMPILER_APPICON_NAME = AppIcon;
				ASSETCATALOG_COMPILER_GLOBAL_ACCENT_COLOR_NAME = AccentColor;
				CODE_SIGN_ENTITLEMENTS = SosMienTrung/SosMienTrung.entitlements;
				CODE_SIGN_STYLE = Automatic;
				CURRENT_PROJECT_VERSION = 7;
				DEVELOPMENT_TEAM = YC47RP25CW;
				ENABLE_PREVIEWS = YES;
				ENABLE_USER_SCRIPT_SANDBOXING = NO;
				GENERATE_INFOPLIST_FILE = YES;
				INFOPLIST_FILE = SosMienTrung/Info.plist;
				INFOPLIST_KEY_UIApplicationSceneManifest_Generation = YES;
				INFOPLIST_KEY_UIApplicationSupportsIndirectInputEvents = YES;
				INFOPLIST_KEY_UILaunchScreen_Generation = YES;
				INFOPLIST_KEY_UISupportedInterfaceOrientations_iPad = "UIInterfaceOrientationPortrait UIInterfaceOrientationPortraitUpsideDown UIInterfaceOrientationLandscapeLeft UIInterfaceOrientationLandscapeRight";
				INFOPLIST_KEY_UISupportedInterfaceOrientations_iPhone = "UIInterfaceOrientationPortrait UIInterfaceOrientationLandscapeLeft UIInterfaceOrientationLandscapeRight";
				LD_RUNPATH_SEARCH_PATHS = (
					"$(inherited)",
					"@executable_path/Frameworks",
				);
				MARKETING_VERSION = 1.1;
				PRODUCT_BUNDLE_IDENTIFIER = com.huynhkimcuong.SosMienTrung;
				PRODUCT_NAME = "$(TARGET_NAME)";
				STRING_CATALOG_GENERATE_SYMBOLS = YES;
				SWIFT_APPROACHABLE_CONCURRENCY = YES;
				SWIFT_DEFAULT_ACTOR_ISOLATION = MainActor;
				SWIFT_EMIT_LOC_STRINGS = YES;
				SWIFT_UPCOMING_FEATURE_MEMBER_IMPORT_VISIBILITY = YES;
				SWIFT_VERSION = 5.0;
				TARGETED_DEVICE_FAMILY = "1,2";
			};
			name = Release;
		};
		3BE85A702EE35F20007BF228 /* Debug */ = {
			isa = XCBuildConfiguration;
			buildSettings = {
				ALWAYS_SEARCH_USER_PATHS = NO;
				ASSETCATALOG_COMPILER_GENERATE_SWIFT_ASSET_SYMBOL_EXTENSIONS = YES;
				CLANG_ANALYZER_NONNULL = YES;
				CLANG_ANALYZER_NUMBER_OBJECT_CONVERSION = YES_AGGRESSIVE;
				CLANG_CXX_LANGUAGE_STANDARD = "gnu++20";
				CLANG_ENABLE_MODULES = YES;
				CLANG_ENABLE_OBJC_ARC = YES;
				CLANG_ENABLE_OBJC_WEAK = YES;
				CLANG_WARN_BLOCK_CAPTURE_AUTORELEASING = YES;
				CLANG_WARN_BOOL_CONVERSION = YES;
				CLANG_WARN_COMMA = YES;
				CLANG_WARN_CONSTANT_CONVERSION = YES;
				CLANG_WARN_DEPRECATED_OBJC_IMPLEMENTATIONS = YES;
				CLANG_WARN_DIRECT_OBJC_ISA_USAGE = YES_ERROR;
				CLANG_WARN_DOCUMENTATION_COMMENTS = YES;
				CLANG_WARN_EMPTY_BODY = YES;
				CLANG_WARN_ENUM_CONVERSION = YES;
				CLANG_WARN_INFINITE_RECURSION = YES;
				CLANG_WARN_INT_CONVERSION = YES;
				CLANG_WARN_NON_LITERAL_NULL_CONVERSION = YES;
				CLANG_WARN_OBJC_IMPLICIT_RETAIN_SELF = YES;
				CLANG_WARN_OBJC_LITERAL_CONVERSION = YES;
				CLANG_WARN_OBJC_ROOT_CLASS = YES_ERROR;
				CLANG_WARN_QUOTED_INCLUDE_IN_FRAMEWORK_HEADER = YES;
				CLANG_WARN_RANGE_LOOP_ANALYSIS = YES;
				CLANG_WARN_STRICT_PROTOTYPES = YES;
				CLANG_WARN_SUSPICIOUS_MOVE = YES;
				CLANG_WARN_UNGUARDED_AVAILABILITY = YES_AGGRESSIVE;
				CLANG_WARN_UNREACHABLE_CODE = YES;
				CLANG_WARN__DUPLICATE_METHOD_MATCH = YES;
				COPY_PHASE_STRIP = NO;
				DEBUG_INFORMATION_FORMAT = dwarf;
				DEVELOPMENT_TEAM = YC47RP25CW;
				ENABLE_STRICT_OBJC_MSGSEND = YES;
				ENABLE_TESTABILITY = YES;
				ENABLE_USER_SCRIPT_SANDBOXING = NO;
				GCC_C_LANGUAGE_STANDARD = gnu17;
				GCC_DYNAMIC_NO_PIC = NO;
				GCC_NO_COMMON_BLOCKS = YES;
				GCC_OPTIMIZATION_LEVEL = 0;
				GCC_PREPROCESSOR_DEFINITIONS = (
					"DEBUG=1",
					"$(inherited)",
				);
				GCC_WARN_64_TO_32_BIT_CONVERSION = YES;
				GCC_WARN_ABOUT_RETURN_TYPE = YES_ERROR;
				GCC_WARN_UNDECLARED_SELECTOR = YES;
				GCC_WARN_UNINITIALIZED_AUTOS = YES_AGGRESSIVE;
				GCC_WARN_UNUSED_FUNCTION = YES;
				GCC_WARN_UNUSED_VARIABLE = YES;
				IPHONEOS_DEPLOYMENT_TARGET = 17.0;
				LOCALIZATION_PREFERS_STRING_CATALOGS = YES;
				MTL_ENABLE_DEBUG_INFO = INCLUDE_SOURCE;
				MTL_FAST_MATH = YES;
				ONLY_ACTIVE_ARCH = YES;
				SDKROOT = iphoneos;
				SWIFT_ACTIVE_COMPILATION_CONDITIONS = "DEBUG $(inherited)";
				SWIFT_OPTIMIZATION_LEVEL = "-Onone";
			};
			name = Debug;
		};
		3BE85A712EE35F20007BF228 /* Release */ = {
			isa = XCBuildConfiguration;
			buildSettings = {
				ALWAYS_SEARCH_USER_PATHS = NO;
				ASSETCATALOG_COMPILER_GENERATE_SWIFT_ASSET_SYMBOL_EXTENSIONS = YES;
				CLANG_ANALYZER_NONNULL = YES;
				CLANG_ANALYZER_NUMBER_OBJECT_CONVERSION = YES_AGGRESSIVE;
				CLANG_CXX_LANGUAGE_STANDARD = "gnu++20";
				CLANG_ENABLE_MODULES = YES;
				CLANG_ENABLE_OBJC_ARC = YES;
				CLANG_ENABLE_OBJC_WEAK = YES;
				CLANG_WARN_BLOCK_CAPTURE_AUTORELEASING = YES;
				CLANG_WARN_BOOL_CONVERSION = YES;
				CLANG_WARN_COMMA = YES;
				CLANG_WARN_CONSTANT_CONVERSION = YES;
				CLANG_WARN_DEPRECATED_OBJC_IMPLEMENTATIONS = YES;
				CLANG_WARN_DIRECT_OBJC_ISA_USAGE = YES_ERROR;
				CLANG_WARN_DOCUMENTATION_COMMENTS = YES;
				CLANG_WARN_EMPTY_BODY = YES;
				CLANG_WARN_ENUM_CONVERSION = YES;
				CLANG_WARN_INFINITE_RECURSION = YES;
				CLANG_WARN_INT_CONVERSION = YES;
				CLANG_WARN_NON_LITERAL_NULL_CONVERSION = YES;
				CLANG_WARN_OBJC_IMPLICIT_RETAIN_SELF = YES;
				CLANG_WARN_OBJC_LITERAL_CONVERSION = YES;
				CLANG_WARN_OBJC_ROOT_CLASS = YES_ERROR;
				CLANG_WARN_QUOTED_INCLUDE_IN_FRAMEWORK_HEADER = YES;
				CLANG_WARN_RANGE_LOOP_ANALYSIS = YES;
				CLANG_WARN_STRICT_PROTOTYPES = YES;
				CLANG_WARN_SUSPICIOUS_MOVE = YES;
				CLANG_WARN_UNGUARDED_AVAILABILITY = YES_AGGRESSIVE;
				CLANG_WARN_UNREACHABLE_CODE = YES;
				CLANG_WARN__DUPLICATE_METHOD_MATCH = YES;
				COPY_PHASE_STRIP = NO;
				DEBUG_INFORMATION_FORMAT = "dwarf-with-dsym";
				DEVELOPMENT_TEAM = YC47RP25CW;
				ENABLE_NS_ASSERTIONS = NO;
				ENABLE_STRICT_OBJC_MSGSEND = YES;
				ENABLE_USER_SCRIPT_SANDBOXING = NO;
				GCC_C_LANGUAGE_STANDARD = gnu17;
				GCC_NO_COMMON_BLOCKS = YES;
				GCC_WARN_64_TO_32_BIT_CONVERSION = YES;
				GCC_WARN_ABOUT_RETURN_TYPE = YES_ERROR;
				GCC_WARN_UNDECLARED_SELECTOR = YES;
				GCC_WARN_UNINITIALIZED_AUTOS = YES_AGGRESSIVE;
				GCC_WARN_UNUSED_FUNCTION = YES;
				GCC_WARN_UNUSED_VARIABLE = YES;
				IPHONEOS_DEPLOYMENT_TARGET = 17.0;
				LOCALIZATION_PREFERS_STRING_CATALOGS = YES;
				MTL_ENABLE_DEBUG_INFO = NO;
				MTL_FAST_MATH = YES;
				SDKROOT = iphoneos;
				SWIFT_COMPILATION_MODE = wholemodule;
				VALIDATE_PRODUCT = YES;
			};
			name = Release;
		};
		3BE85A732EE35F20007BF228 /* Debug */ = {
			isa = XCBuildConfiguration;
			buildSettings = {
				BUNDLE_LOADER = "$(TEST_HOST)";
				CODE_SIGN_STYLE = Automatic;
				CURRENT_PROJECT_VERSION = 6;
				DEVELOPMENT_TEAM = YC47RP25CW;
				GENERATE_INFOPLIST_FILE = YES;
				IPHONEOS_DEPLOYMENT_TARGET = 17.0;
				MARKETING_VERSION = 1.0;
				PRODUCT_BUNDLE_IDENTIFIER = com.huynhkimcuong.SosMienTrungTests;
				PRODUCT_NAME = "$(TARGET_NAME)";
				STRING_CATALOG_GENERATE_SYMBOLS = NO;
				SWIFT_APPROACHABLE_CONCURRENCY = YES;
				SWIFT_EMIT_LOC_STRINGS = NO;
				SWIFT_UPCOMING_FEATURE_MEMBER_IMPORT_VISIBILITY = YES;
				SWIFT_VERSION = 5.0;
				TARGETED_DEVICE_FAMILY = "1,2";
				TEST_HOST = "$(BUILT_PRODUCTS_DIR)/SosMienTrung.app/$(BUNDLE_EXECUTABLE_FOLDER_PATH)/SosMienTrung";
			};
			name = Debug;
		};
		3BE85A742EE35F20007BF228 /* Release */ = {
			isa = XCBuildConfiguration;
			buildSettings = {
				BUNDLE_LOADER = "$(TEST_HOST)";
				CODE_SIGN_STYLE = Automatic;
				CURRENT_PROJECT_VERSION = 6;
				DEVELOPMENT_TEAM = YC47RP25CW;
				GENERATE_INFOPLIST_FILE = YES;
				IPHONEOS_DEPLOYMENT_TARGET = 17.0;
				MARKETING_VERSION = 1.0;
				PRODUCT_BUNDLE_IDENTIFIER = com.huynhkimcuong.SosMienTrungTests;
				PRODUCT_NAME = "$(TARGET_NAME)";
				STRING_CATALOG_GENERATE_SYMBOLS = NO;
				SWIFT_APPROACHABLE_CONCURRENCY = YES;
				SWIFT_EMIT_LOC_STRINGS = NO;
				SWIFT_UPCOMING_FEATURE_MEMBER_IMPORT_VISIBILITY = YES;
				SWIFT_VERSION = 5.0;
				TARGETED_DEVICE_FAMILY = "1,2";
				TEST_HOST = "$(BUILT_PRODUCTS_DIR)/SosMienTrung.app/$(BUNDLE_EXECUTABLE_FOLDER_PATH)/SosMienTrung";
			};
			name = Release;
		};
		3BE85A762EE35F20007BF228 /* Debug */ = {
			isa = XCBuildConfiguration;
			buildSettings = {
				CODE_SIGN_STYLE = Automatic;
				CURRENT_PROJECT_VERSION = 6;
				DEVELOPMENT_TEAM = YC47RP25CW;
				GENERATE_INFOPLIST_FILE = YES;
				MARKETING_VERSION = 1.0;
				PRODUCT_BUNDLE_IDENTIFIER = com.huynhkimcuong.SosMienTrungUITests;
				PRODUCT_NAME = "$(TARGET_NAME)";
				STRING_CATALOG_GENERATE_SYMBOLS = NO;
				SWIFT_APPROACHABLE_CONCURRENCY = YES;
				SWIFT_EMIT_LOC_STRINGS = NO;
				SWIFT_UPCOMING_FEATURE_MEMBER_IMPORT_VISIBILITY = YES;
				SWIFT_VERSION = 5.0;
				TARGETED_DEVICE_FAMILY = "1,2";
				TEST_TARGET_NAME = SosMienTrung;
			};
			name = Debug;
		};
		3BE85A772EE35F20007BF228 /* Release */ = {
			isa = XCBuildConfiguration;
			buildSettings = {
				CODE_SIGN_STYLE = Automatic;
				CURRENT_PROJECT_VERSION = 6;
				DEVELOPMENT_TEAM = YC47RP25CW;
				GENERATE_INFOPLIST_FILE = YES;
				MARKETING_VERSION = 1.0;
				PRODUCT_BUNDLE_IDENTIFIER = com.huynhkimcuong.SosMienTrungUITests;
				PRODUCT_NAME = "$(TARGET_NAME)";
				STRING_CATALOG_GENERATE_SYMBOLS = NO;
				SWIFT_APPROACHABLE_CONCURRENCY = YES;
				SWIFT_EMIT_LOC_STRINGS = NO;
				SWIFT_UPCOMING_FEATURE_MEMBER_IMPORT_VISIBILITY = YES;
				SWIFT_VERSION = 5.0;
				TARGETED_DEVICE_FAMILY = "1,2";
				TEST_TARGET_NAME = SosMienTrung;
			};
			name = Release;
		};
/* End XCBuildConfiguration section */

/* Begin XCConfigurationList section */
		3BE85A412EE35F1F007BF228 /* Build configuration list for PBXProject "SosMienTrung" */ = {
			isa = XCConfigurationList;
			buildConfigurations = (
				3BE85A702EE35F20007BF228 /* Debug */,
				3BE85A712EE35F20007BF228 /* Release */,
			);
			defaultConfigurationIsVisible = 0;
			defaultConfigurationName = Release;
		};
		3BE85A6D2EE35F20007BF228 /* Build configuration list for PBXNativeTarget "SosMienTrung" */ = {
			isa = XCConfigurationList;
			buildConfigurations = (
				3BE85A6E2EE35F20007BF228 /* Debug */,
				3BE85A6F2EE35F20007BF228 /* Release */,
			);
			defaultConfigurationIsVisible = 0;
			defaultConfigurationName = Release;
		};
		3BE85A722EE35F20007BF228 /* Build configuration list for PBXNativeTarget "SosMienTrungTests" */ = {
			isa = XCConfigurationList;
			buildConfigurations = (
				3BE85A732EE35F20007BF228 /* Debug */,
				3BE85A742EE35F20007BF228 /* Release */,
			);
			defaultConfigurationIsVisible = 0;
			defaultConfigurationName = Release;
		};
		3BE85A752EE35F20007BF228 /* Build configuration list for PBXNativeTarget "SosMienTrungUITests" */ = {
			isa = XCConfigurationList;
			buildConfigurations = (
				3BE85A762EE35F20007BF228 /* Debug */,
				3BE85A772EE35F20007BF228 /* Release */,
			);
			defaultConfigurationIsVisible = 0;
			defaultConfigurationName = Release;
		};
/* End XCConfigurationList section */
	};
	rootObject = 3BE85A3E2EE35F1F007BF228 /* Project object */;
}
